
Microsoft Visual Studio Solution File, Format Version 12.00
# Visual Studio Version 16
VisualStudioVersion = 16.0.30804.86
MinimumVisualStudioVersion = 10.0.40219.1
Project("{FAE04EC0-301F-11D3-BF4B-00C04F79EFBC}") = "TR.BVEConductorChecker", "TR.BVEConductorChecker.csproj", "{042FBFC0-4166-4AD2-B60E-AD6F92DA7B80}"
EndProject
Global
	GlobalSection(SolutionConfigurationPlatforms) = preSolution
		Debug|Any CPU = Debug|Any CPU
		Release|Any CPU = Release|Any CPU
	EndGlobalSection
	GlobalSection(ProjectConfigurationPlatforms) = postSolution
		{042FBFC0-4166-4AD2-B60E-AD6F92DA7B80}.Debug|Any CPU.ActiveCfg = Debug|Any CPU
		{042FBFC0-4166-4AD2-B60E-AD6F92DA7B80}.Debug|Any CPU.Build.0 = Debug|Any CPU
		{042FBFC0-4166-4AD2-B60E-AD6F92DA7B80}.Release|Any CPU.ActiveCfg = Release|Any CPU
		{042FBFC0-4166-4AD2-B60E-AD6F92DA7B80}.Release|Any CPU.Build.0 = Release|Any CPU
	EndGlobalSection
	GlobalSection(SolutionProperties) = preSolution
		HideSolutionNode = FALSE
	EndGlobalSection
	GlobalSection(ExtensibilityGlobals) = postSolution
		SolutionGuid = {AB6D4FDD-0AFA-4D76-9959-769BAA7D6DF6}
	EndGlobalSection
EndGlobal
